// !$*UTF8*$!
{
	archiveVersion = 1;
	classes = {
	};
	objectVersion = 50;
	objects = {

/* Begin PBXBuildFile section */
		A616AAB8CEE0F5D99E290289 /* Pods_Beneficios_Menu_ViewCode.framework in Frameworks */ = {isa = PBXBuildFile; fileRef = 639E16BA6FA331EB7E603F71 /* Pods_Beneficios_Menu_ViewCode.framework */; };
		DD6AC5322866071800698506 /* Constants.swift in Sources */ = {isa = PBXBuildFile; fileRef = DD6AC5312866071800698506 /* Constants.swift */; };
		DD6AC53428660DC700698506 /* BaseView.swift in Sources */ = {isa = PBXBuildFile; fileRef = DD6AC53328660DC700698506 /* BaseView.swift */; };
		DD6AC53A28662BF500698506 /* BeneficioItemView.swift in Sources */ = {isa = PBXBuildFile; fileRef = DD6AC53928662BF500698506 /* BeneficioItemView.swift */; };
		DD6AC53C286631D600698506 /* BeneficioCollectionViewCell.swift in Sources */ = {isa = PBXBuildFile; fileRef = DD6AC53B286631D600698506 /* BeneficioCollectionViewCell.swift */; };
		DD6AC53E286656B100698506 /* Helpers.swift in Sources */ = {isa = PBXBuildFile; fileRef = DD6AC53D286656B100698506 /* Helpers.swift */; };
		DD709DD12869E9DD006627EB /* AcaoItemView.swift in Sources */ = {isa = PBXBuildFile; fileRef = DD709DD02869E9DD006627EB /* AcaoItemView.swift */; };
		DD709DD32869FF61006627EB /* TransacaoItemView.swift in Sources */ = {isa = PBXBuildFile; fileRef = DD709DD22869FF61006627EB /* TransacaoItemView.swift */; };
		DD709DD5286A406D006627EB /* TransacaoCollectionViewCell.swift in Sources */ = {isa = PBXBuildFile; fileRef = DD709DD4286A406D006627EB /* TransacaoCollectionViewCell.swift */; };
		DD709DD8286A40F7006627EB /* TransacaoModel.swift in Sources */ = {isa = PBXBuildFile; fileRef = DD709DD7286A40F6006627EB /* TransacaoModel.swift */; };
		DD709DDA286A50FB006627EB /* BeneficioModel.swift in Sources */ = {isa = PBXBuildFile; fileRef = DD709DD9286A50FB006627EB /* BeneficioModel.swift */; };
		DD745417286B2FCD00418D08 /* PerfilHeaderView.swift in Sources */ = {isa = PBXBuildFile; fileRef = DD745416286B2FCD00418D08 /* PerfilHeaderView.swift */; };
		DD745419286B382F00418D08 /* PerfilScreen.swift in Sources */ = {isa = PBXBuildFile; fileRef = DD745418286B382F00418D08 /* PerfilScreen.swift */; };
		DD74541C286B3DF900418D08 /* PerfilMenuItemView.swift in Sources */ = {isa = PBXBuildFile; fileRef = DD74541B286B3DF900418D08 /* PerfilMenuItemView.swift */; };
		DD77F395286B78D10038BA39 /* PerfilMenuCollectionViewCell.swift in Sources */ = {isa = PBXBuildFile; fileRef = DD77F394286B78D10038BA39 /* PerfilMenuCollectionViewCell.swift */; };
		DD77F397286B79C60038BA39 /* MenuModel.swift in Sources */ = {isa = PBXBuildFile; fileRef = DD77F396286B79C60038BA39 /* MenuModel.swift */; };
		DDBFDF7E2864EA0200FD4451 /* AppDelegate.swift in Sources */ = {isa = PBXBuildFile; fileRef = DDBFDF7D2864EA0200FD4451 /* AppDelegate.swift */; };
		DDBFDF802864EA0200FD4451 /* SceneDelegate.swift in Sources */ = {isa = PBXBuildFile; fileRef = DDBFDF7F2864EA0200FD4451 /* SceneDelegate.swift */; };
		DDBFDF872864EA0400FD4451 /* Assets.xcassets in Resources */ = {isa = PBXBuildFile; fileRef = DDBFDF862864EA0400FD4451 /* Assets.xcassets */; };
		DDBFDF8A2864EA0400FD4451 /* LaunchScreen.storyboard in Resources */ = {isa = PBXBuildFile; fileRef = DDBFDF882864EA0400FD4451 /* LaunchScreen.storyboard */; };
		DDBFDF952864EC0900FD4451 /* MenuTabBarController.swift in Sources */ = {isa = PBXBuildFile; fileRef = DDBFDF942864EC0900FD4451 /* MenuTabBarController.swift */; };
		DDBFDF982864FDE800FD4451 /* BaseViewController.swift in Sources */ = {isa = PBXBuildFile; fileRef = DDBFDF972864FDE800FD4451 /* BaseViewController.swift */; };
		DDBFDF9B2865020100FD4451 /* InicioViewController.swift in Sources */ = {isa = PBXBuildFile; fileRef = DDBFDF9A2865020100FD4451 /* InicioViewController.swift */; };
		DDBFDF9E2865026000FD4451 /* PerfilViewController.swift in Sources */ = {isa = PBXBuildFile; fileRef = DDBFDF9D2865026000FD4451 /* PerfilViewController.swift */; };
		DDBFDFA12865069800FD4451 /* InicioHeaderView.swift in Sources */ = {isa = PBXBuildFile; fileRef = DDBFDFA02865069800FD4451 /* InicioHeaderView.swift */; };
		DDBFDFA3286506DA00FD4451 /* InicioBeneficioView.swift in Sources */ = {isa = PBXBuildFile; fileRef = DDBFDFA2286506DA00FD4451 /* InicioBeneficioView.swift */; };
		DDBFDFA5286506F900FD4451 /* InicioAcaoView.swift in Sources */ = {isa = PBXBuildFile; fileRef = DDBFDFA4286506F900FD4451 /* InicioAcaoView.swift */; };
		DDBFDFA72865072700FD4451 /* InicioTransacaoView.swift in Sources */ = {isa = PBXBuildFile; fileRef = DDBFDFA62865072700FD4451 /* InicioTransacaoView.swift */; };
		DDBFDFA92865075800FD4451 /* InicioScreen.swift in Sources */ = {isa = PBXBuildFile; fileRef = DDBFDFA82865075800FD4451 /* InicioScreen.swift */; };
		DDC427D1286C8EAB00E9BB49 /* README.md in Resources */ = {isa = PBXBuildFile; fileRef = DDC427D0286C8EAB00E9BB49 /* README.md */; };
/* End PBXBuildFile section */

/* Begin PBXFileReference section */
		639E16BA6FA331EB7E603F71 /* Pods_Beneficios_Menu_ViewCode.framework */ = {isa = PBXFileReference; explicitFileType = wrapper.framework; includeInIndex = 0; path = Pods_Beneficios_Menu_ViewCode.framework; sourceTree = BUILT_PRODUCTS_DIR; };
		77B8AABB568A0F59A94B0E84 /* Pods-Beneficios-Menu-ViewCode.debug.xcconfig */ = {isa = PBXFileReference; includeInIndex = 1; lastKnownFileType = text.xcconfig; name = "Pods-Beneficios-Menu-ViewCode.debug.xcconfig"; path = "Target Support Files/Pods-Beneficios-Menu-ViewCode/Pods-Beneficios-Menu-ViewCode.debug.xcconfig"; sourceTree = "<group>"; };
		B849CBB633440DC1DA51CC91 /* Pods-Beneficios-Menu-ViewCode.release.xcconfig */ = {isa = PBXFileReference; includeInIndex = 1; lastKnownFileType = text.xcconfig; name = "Pods-Beneficios-Menu-ViewCode.release.xcconfig"; path = "Target Support Files/Pods-Beneficios-Menu-ViewCode/Pods-Beneficios-Menu-ViewCode.release.xcconfig"; sourceTree = "<group>"; };
		DD6AC5312866071800698506 /* Constants.swift */ = {isa = PBXFileReference; lastKnownFileType = sourcecode.swift; path = Constants.swift; sourceTree = "<group>"; };
		DD6AC53328660DC700698506 /* BaseView.swift */ = {isa = PBXFileReference; lastKnownFileType = sourcecode.swift; path = BaseView.swift; sourceTree = "<group>"; };
		DD6AC53928662BF500698506 /* BeneficioItemView.swift */ = {isa = PBXFileReference; lastKnownFileType = sourcecode.swift; path = BeneficioItemView.swift; sourceTree = "<group>"; };
		DD6AC53B286631D600698506 /* BeneficioCollectionViewCell.swift */ = {isa = PBXFileReference; lastKnownFileType = sourcecode.swift; path = BeneficioCollectionViewCell.swift; sourceTree = "<group>"; };
		DD6AC53D286656B100698506 /* Helpers.swift */ = {isa = PBXFileReference; lastKnownFileType = sourcecode.swift; path = Helpers.swift; sourceTree = "<group>"; };
		DD709DD02869E9DD006627EB /* AcaoItemView.swift */ = {isa = PBXFileReference; lastKnownFileType = sourcecode.swift; path = AcaoItemView.swift; sourceTree = "<group>"; };
		DD709DD22869FF61006627EB /* TransacaoItemView.swift */ = {isa = PBXFileReference; lastKnownFileType = sourcecode.swift; path = TransacaoItemView.swift; sourceTree = "<group>"; };
		DD709DD4286A406D006627EB /* TransacaoCollectionViewCell.swift */ = {isa = PBXFileReference; lastKnownFileType = sourcecode.swift; path = TransacaoCollectionViewCell.swift; sourceTree = "<group>"; };
		DD709DD7286A40F6006627EB /* TransacaoModel.swift */ = {isa = PBXFileReference; lastKnownFileType = sourcecode.swift; path = TransacaoModel.swift; sourceTree = "<group>"; };
		DD709DD9286A50FB006627EB /* BeneficioModel.swift */ = {isa = PBXFileReference; lastKnownFileType = sourcecode.swift; path = BeneficioModel.swift; sourceTree = "<group>"; };
		DD745416286B2FCD00418D08 /* PerfilHeaderView.swift */ = {isa = PBXFileReference; lastKnownFileType = sourcecode.swift; path = PerfilHeaderView.swift; sourceTree = "<group>"; };
		DD745418286B382F00418D08 /* PerfilScreen.swift */ = {isa = PBXFileReference; lastKnownFileType = sourcecode.swift; path = PerfilScreen.swift; sourceTree = "<group>"; };
		DD74541B286B3DF900418D08 /* PerfilMenuItemView.swift */ = {isa = PBXFileReference; lastKnownFileType = sourcecode.swift; path = PerfilMenuItemView.swift; sourceTree = "<group>"; };
		DD77F394286B78D10038BA39 /* PerfilMenuCollectionViewCell.swift */ = {isa = PBXFileReference; lastKnownFileType = sourcecode.swift; path = PerfilMenuCollectionViewCell.swift; sourceTree = "<group>"; };
		DD77F396286B79C60038BA39 /* MenuModel.swift */ = {isa = PBXFileReference; lastKnownFileType = sourcecode.swift; path = MenuModel.swift; sourceTree = "<group>"; };
		DDBFDF7A2864EA0200FD4451 /* Beneficios-Menu-ViewCode.app */ = {isa = PBXFileReference; explicitFileType = wrapper.application; includeInIndex = 0; path = "Beneficios-Menu-ViewCode.app"; sourceTree = BUILT_PRODUCTS_DIR; };
		DDBFDF7D2864EA0200FD4451 /* AppDelegate.swift */ = {isa = PBXFileReference; lastKnownFileType = sourcecode.swift; path = AppDelegate.swift; sourceTree = "<group>"; };
		DDBFDF7F2864EA0200FD4451 /* SceneDelegate.swift */ = {isa = PBXFileReference; lastKnownFileType = sourcecode.swift; path = SceneDelegate.swift; sourceTree = "<group>"; };
		DDBFDF862864EA0400FD4451 /* Assets.xcassets */ = {isa = PBXFileReference; lastKnownFileType = folder.assetcatalog; path = Assets.xcassets; sourceTree = "<group>"; };
		DDBFDF892864EA0400FD4451 /* Base */ = {isa = PBXFileReference; lastKnownFileType = file.storyboard; name = Base; path = Base.lproj/LaunchScreen.storyboard; sourceTree = "<group>"; };
		DDBFDF8B2864EA0400FD4451 /* Info.plist */ = {isa = PBXFileReference; lastKnownFileType = text.plist.xml; path = Info.plist; sourceTree = "<group>"; };
		DDBFDF942864EC0900FD4451 /* MenuTabBarController.swift */ = {isa = PBXFileReference; lastKnownFileType = sourcecode.swift; path = MenuTabBarController.swift; sourceTree = "<group>"; };
		DDBFDF972864FDE800FD4451 /* BaseViewController.swift */ = {isa = PBXFileReference; lastKnownFileType = sourcecode.swift; path = BaseViewController.swift; sourceTree = "<group>"; };
		DDBFDF9A2865020100FD4451 /* InicioViewController.swift */ = {isa = PBXFileReference; lastKnownFileType = sourcecode.swift; path = InicioViewController.swift; sourceTree = "<group>"; };
		DDBFDF9D2865026000FD4451 /* PerfilViewController.swift */ = {isa = PBXFileReference; lastKnownFileType = sourcecode.swift; path = PerfilViewController.swift; sourceTree = "<group>"; };
		DDBFDFA02865069800FD4451 /* InicioHeaderView.swift */ = {isa = PBXFileReference; lastKnownFileType = sourcecode.swift; path = InicioHeaderView.swift; sourceTree = "<group>"; };
		DDBFDFA2286506DA00FD4451 /* InicioBeneficioView.swift */ = {isa = PBXFileReference; lastKnownFileType = sourcecode.swift; path = InicioBeneficioView.swift; sourceTree = "<group>"; };
		DDBFDFA4286506F900FD4451 /* InicioAcaoView.swift */ = {isa = PBXFileReference; lastKnownFileType = sourcecode.swift; path = InicioAcaoView.swift; sourceTree = "<group>"; };
		DDBFDFA62865072700FD4451 /* InicioTransacaoView.swift */ = {isa = PBXFileReference; lastKnownFileType = sourcecode.swift; path = InicioTransacaoView.swift; sourceTree = "<group>"; };
		DDBFDFA82865075800FD4451 /* InicioScreen.swift */ = {isa = PBXFileReference; lastKnownFileType = sourcecode.swift; path = InicioScreen.swift; sourceTree = "<group>"; };
		DDC427D0286C8EAB00E9BB49 /* README.md */ = {isa = PBXFileReference; fileEncoding = 4; lastKnownFileType = net.daringfireball.markdown; path = README.md; sourceTree = "<group>"; };
/* End PBXFileReference section */

/* Begin PBXFrameworksBuildPhase section */
		DDBFDF772864EA0200FD4451 /* Frameworks */ = {
			isa = PBXFrameworksBuildPhase;
			buildActionMask = 2147483647;
			files = (
				A616AAB8CEE0F5D99E290289 /* Pods_Beneficios_Menu_ViewCode.framework in Frameworks */,
			);
			runOnlyForDeploymentPostprocessing = 0;
		};
/* End PBXFrameworksBuildPhase section */

/* Begin PBXGroup section */
		794C25F85C90DC0CD3366A39 /* Frameworks */ = {
			isa = PBXGroup;
			children = (
				639E16BA6FA331EB7E603F71 /* Pods_Beneficios_Menu_ViewCode.framework */,
			);
			name = Frameworks;
			sourceTree = "<group>";
		};
		C95AABBFC4EB2B280E7212D8 /* Pods */ = {
			isa = PBXGroup;
			children = (
				77B8AABB568A0F59A94B0E84 /* Pods-Beneficios-Menu-ViewCode.debug.xcconfig */,
				B849CBB633440DC1DA51CC91 /* Pods-Beneficios-Menu-ViewCode.release.xcconfig */,
			);
			name = Pods;
			path = Pods;
			sourceTree = "<group>";
		};
		DD6AC53528662B5900698506 /* Header */ = {
			isa = PBXGroup;
			children = (
				DDBFDFA02865069800FD4451 /* InicioHeaderView.swift */,
			);
			path = Header;
			sourceTree = "<group>";
		};
		DD6AC53628662B6700698506 /* Beneficio */ = {
			isa = PBXGroup;
			children = (
				DD6AC53928662BF500698506 /* BeneficioItemView.swift */,
				DD6AC53B286631D600698506 /* BeneficioCollectionViewCell.swift */,
				DDBFDFA2286506DA00FD4451 /* InicioBeneficioView.swift */,
			);
			path = Beneficio;
			sourceTree = "<group>";
		};
		DD6AC53728662B7000698506 /* Acao */ = {
			isa = PBXGroup;
			children = (
				DD709DD02869E9DD006627EB /* AcaoItemView.swift */,
				DDBFDFA4286506F900FD4451 /* InicioAcaoView.swift */,
			);
			path = Acao;
			sourceTree = "<group>";
		};
		DD6AC53828662B7A00698506 /* Transacao */ = {
			isa = PBXGroup;
			children = (
				DD709DD22869FF61006627EB /* TransacaoItemView.swift */,
				DD709DD4286A406D006627EB /* TransacaoCollectionViewCell.swift */,
				DDBFDFA62865072700FD4451 /* InicioTransacaoView.swift */,
			);
			path = Transacao;
			sourceTree = "<group>";
		};
		DD709DD6286A40E3006627EB /* Model */ = {
			isa = PBXGroup;
			children = (
				DD709DD9286A50FB006627EB /* BeneficioModel.swift */,
				DD709DD7286A40F6006627EB /* TransacaoModel.swift */,
				DD77F396286B79C60038BA39 /* MenuModel.swift */,
			);
			path = Model;
			sourceTree = "<group>";
		};
		DD745415286B2FAC00418D08 /* Header */ = {
			isa = PBXGroup;
			children = (
				DD745416286B2FCD00418D08 /* PerfilHeaderView.swift */,
			);
			path = Header;
			sourceTree = "<group>";
		};
		DD74541A286B3DDF00418D08 /* Menu */ = {
			isa = PBXGroup;
			children = (
				DD74541B286B3DF900418D08 /* PerfilMenuItemView.swift */,
				DD77F394286B78D10038BA39 /* PerfilMenuCollectionViewCell.swift */,
			);
			path = Menu;
			sourceTree = "<group>";
		};
		DDBFDF712864EA0200FD4451 = {
			isa = PBXGroup;
			children = (
				DDC427D0286C8EAB00E9BB49 /* README.md */,
				DDBFDF7C2864EA0200FD4451 /* Menu-ViewCode */,
				DDBFDF7B2864EA0200FD4451 /* Products */,
				C95AABBFC4EB2B280E7212D8 /* Pods */,
				794C25F85C90DC0CD3366A39 /* Frameworks */,
			);
			sourceTree = "<group>";
		};
		DDBFDF7B2864EA0200FD4451 /* Products */ = {
			isa = PBXGroup;
			children = (
				DDBFDF7A2864EA0200FD4451 /* Beneficios-Menu-ViewCode.app */,
			);
			name = Products;
			sourceTree = "<group>";
		};
		DDBFDF7C2864EA0200FD4451 /* Menu-ViewCode */ = {
			isa = PBXGroup;
			children = (
				DDBFDF922864EAD100FD4451 /* Resources */,
				DDBFDF912864EABF00FD4451 /* Application */,
				DDBFDF932864EAE300FD4451 /* View */,
				DDBFDF8B2864EA0400FD4451 /* Info.plist */,
			);
			path = "Menu-ViewCode";
			sourceTree = "<group>";
		};
		DDBFDF912864EABF00FD4451 /* Application */ = {
			isa = PBXGroup;
			children = (
				DDBFDF7D2864EA0200FD4451 /* AppDelegate.swift */,
				DDBFDF7F2864EA0200FD4451 /* SceneDelegate.swift */,
			);
			path = Application;
			sourceTree = "<group>";
		};
		DDBFDF922864EAD100FD4451 /* Resources */ = {
			isa = PBXGroup;
			children = (
				DDBFDF862864EA0400FD4451 /* Assets.xcassets */,
				DDBFDF882864EA0400FD4451 /* LaunchScreen.storyboard */,
			);
			path = Resources;
			sourceTree = "<group>";
		};
		DDBFDF932864EAE300FD4451 /* View */ = {
			isa = PBXGroup;
			children = (
				DDBFDF962864FDC200FD4451 /* Base */,
				DDBFDF99286501D600FD4451 /* Inicio */,
				DDBFDF9C2865024F00FD4451 /* Perfil */,
				DDBFDF942864EC0900FD4451 /* MenuTabBarController.swift */,
			);
			path = View;
			sourceTree = "<group>";
		};
		DDBFDF962864FDC200FD4451 /* Base */ = {
			isa = PBXGroup;
			children = (
				DD6AC53328660DC700698506 /* BaseView.swift */,
				DDBFDF972864FDE800FD4451 /* BaseViewController.swift */,
				DD6AC5312866071800698506 /* Constants.swift */,
				DD6AC53D286656B100698506 /* Helpers.swift */,
			);
			path = Base;
			sourceTree = "<group>";
		};
		DDBFDF99286501D600FD4451 /* Inicio */ = {
			isa = PBXGroup;
			children = (
				DD709DD6286A40E3006627EB /* Model */,
				DDBFDF9F2865066B00FD4451 /* View */,
				DDBFDFA82865075800FD4451 /* InicioScreen.swift */,
				DDBFDF9A2865020100FD4451 /* InicioViewController.swift */,
			);
			path = Inicio;
			sourceTree = "<group>";
		};
		DDBFDF9C2865024F00FD4451 /* Perfil */ = {
			isa = PBXGroup;
			children = (
				DD745415286B2FAC00418D08 /* Header */,
				DD74541A286B3DDF00418D08 /* Menu */,
				DD745418286B382F00418D08 /* PerfilScreen.swift */,
				DDBFDF9D2865026000FD4451 /* PerfilViewController.swift */,
			);
			path = Perfil;
			sourceTree = "<group>";
		};
		DDBFDF9F2865066B00FD4451 /* View */ = {
			isa = PBXGroup;
			children = (
				DD6AC53528662B5900698506 /* Header */,
				DD6AC53628662B6700698506 /* Beneficio */,
				DD6AC53728662B7000698506 /* Acao */,
				DD6AC53828662B7A00698506 /* Transacao */,
			);
			path = View;
			sourceTree = "<group>";
		};
/* End PBXGroup section */

/* Begin PBXNativeTarget section */
		DDBFDF792864EA0200FD4451 /* Beneficios-Menu-ViewCode */ = {
			isa = PBXNativeTarget;
			buildConfigurationList = DDBFDF8E2864EA0400FD4451 /* Build configuration list for PBXNativeTarget "Beneficios-Menu-ViewCode" */;
			buildPhases = (
				7A4203D1BE39ABE1C0928E66 /* [CP] Check Pods Manifest.lock */,
				DDBFDF762864EA0200FD4451 /* Sources */,
				DDBFDF772864EA0200FD4451 /* Frameworks */,
				DDBFDF782864EA0200FD4451 /* Resources */,
				4A499B78090F9015A502D288 /* [CP] Embed Pods Frameworks */,
			);
			buildRules = (
			);
			dependencies = (
			);
			name = "Beneficios-Menu-ViewCode";
			productName = "Menu-ViewCode";
			productReference = DDBFDF7A2864EA0200FD4451 /* Beneficios-Menu-ViewCode.app */;
			productType = "com.apple.product-type.application";
		};
/* End PBXNativeTarget section */

/* Begin PBXProject section */
		DDBFDF722864EA0200FD4451 /* Project object */ = {
			isa = PBXProject;
			attributes = {
				LastSwiftUpdateCheck = 1250;
				LastUpgradeCheck = 1250;
				TargetAttributes = {
					DDBFDF792864EA0200FD4451 = {
						CreatedOnToolsVersion = 12.5.1;
					};
				};
			};
			buildConfigurationList = DDBFDF752864EA0200FD4451 /* Build configuration list for PBXProject "Beneficios-Menu-ViewCode" */;
			compatibilityVersion = "Xcode 9.3";
			developmentRegion = en;
			hasScannedForEncodings = 0;
			knownRegions = (
				en,
				Base,
			);
			mainGroup = DDBFDF712864EA0200FD4451;
			productRefGroup = DDBFDF7B2864EA0200FD4451 /* Products */;
			projectDirPath = "";
			projectRoot = "";
			targets = (
				DDBFDF792864EA0200FD4451 /* Beneficios-Menu-ViewCode */,
			);
		};
/* End PBXProject section */

/* Begin PBXResourcesBuildPhase section */
		DDBFDF782864EA0200FD4451 /* Resources */ = {
			isa = PBXResourcesBuildPhase;
			buildActionMask = 2147483647;
			files = (
				DDC427D1286C8EAB00E9BB49 /* README.md in Resources */,
				DDBFDF8A2864EA0400FD4451 /* LaunchScreen.storyboard in Resources */,
				DDBFDF872864EA0400FD4451 /* Assets.xcassets in Resources */,
			);
			runOnlyForDeploymentPostprocessing = 0;
		};
/* End PBXResourcesBuildPhase section */

/* Begin PBXShellScriptBuildPhase section */
		4A499B78090F9015A502D288 /* [CP] Embed Pods Frameworks */ = {
			isa = PBXShellScriptBuildPhase;
			buildActionMask = 2147483647;
			files = (
			);
			inputFileListPaths = (
				"${PODS_ROOT}/Target Support Files/Pods-Beneficios-Menu-ViewCode/Pods-Beneficios-Menu-ViewCode-frameworks-${CONFIGURATION}-input-files.xcfilelist",
			);
			name = "[CP] Embed Pods Frameworks";
			outputFileListPaths = (
				"${PODS_ROOT}/Target Support Files/Pods-Beneficios-Menu-ViewCode/Pods-Beneficios-Menu-ViewCode-frameworks-${CONFIGURATION}-output-files.xcfilelist",
			);
			runOnlyForDeploymentPostprocessing = 0;
			shellPath = /bin/sh;
			shellScript = "\"${PODS_ROOT}/Target Support Files/Pods-Beneficios-Menu-ViewCode/Pods-Beneficios-Menu-ViewCode-frameworks.sh\"\n";
			showEnvVarsInLog = 0;
		};
		7A4203D1BE39ABE1C0928E66 /* [CP] Check Pods Manifest.lock */ = {
			isa = PBXShellScriptBuildPhase;
			buildActionMask = 2147483647;
			files = (
			);
			inputFileListPaths = (
			);
			inputPaths = (
				"${PODS_PODFILE_DIR_PATH}/Podfile.lock",
				"${PODS_ROOT}/Manifest.lock",
			);
			name = "[CP] Check Pods Manifest.lock";
			outputFileListPaths = (
			);
			outputPaths = (
				"$(DERIVED_FILE_DIR)/Pods-Beneficios-Menu-ViewCode-checkManifestLockResult.txt",
			);
			runOnlyForDeploymentPostprocessing = 0;
			shellPath = /bin/sh;
			shellScript = "diff \"${PODS_PODFILE_DIR_PATH}/Podfile.lock\" \"${PODS_ROOT}/Manifest.lock\" > /dev/null\nif [ $? != 0 ] ; then\n    # print error to STDERR\n    echo \"error: The sandbox is not in sync with the Podfile.lock. Run 'pod install' or update your CocoaPods installation.\" >&2\n    exit 1\nfi\n# This output is used by Xcode 'outputs' to avoid re-running this script phase.\necho \"SUCCESS\" > \"${SCRIPT_OUTPUT_FILE_0}\"\n";
			showEnvVarsInLog = 0;
		};
/* End PBXShellScriptBuildPhase section */

/* Begin PBXSourcesBuildPhase section */
		DDBFDF762864EA0200FD4451 /* Sources */ = {
			isa = PBXSourcesBuildPhase;
			buildActionMask = 2147483647;
			files = (
				DDBFDF9E2865026000FD4451 /* PerfilViewController.swift in Sources */,
				DD6AC53428660DC700698506 /* BaseView.swift in Sources */,
				DD709DD32869FF61006627EB /* TransacaoItemView.swift in Sources */,
				DD709DD12869E9DD006627EB /* AcaoItemView.swift in Sources */,
				DD77F395286B78D10038BA39 /* PerfilMenuCollectionViewCell.swift in Sources */,
				DD709DD8286A40F7006627EB /* TransacaoModel.swift in Sources */,
				DD745417286B2FCD00418D08 /* PerfilHeaderView.swift in Sources */,
				DD745419286B382F00418D08 /* PerfilScreen.swift in Sources */,
				DDBFDFA92865075800FD4451 /* InicioScreen.swift in Sources */,
				DDBFDF7E2864EA0200FD4451 /* AppDelegate.swift in Sources */,
				DD6AC53A28662BF500698506 /* BeneficioItemView.swift in Sources */,
				DDBFDFA72865072700FD4451 /* InicioTransacaoView.swift in Sources */,
				DDBFDF982864FDE800FD4451 /* BaseViewController.swift in Sources */,
				DDBFDFA5286506F900FD4451 /* InicioAcaoView.swift in Sources */,
				DD6AC53C286631D600698506 /* BeneficioCollectionViewCell.swift in Sources */,
				DDBFDF952864EC0900FD4451 /* MenuTabBarController.swift in Sources */,
				DDBFDFA12865069800FD4451 /* InicioHeaderView.swift in Sources */,
				DD6AC53E286656B100698506 /* Helpers.swift in Sources */,
				DD709DD5286A406D006627EB /* TransacaoCollectionViewCell.swift in Sources */,
				DDBFDF9B2865020100FD4451 /* InicioViewController.swift in Sources */,
				DDBFDFA3286506DA00FD4451 /* InicioBeneficioView.swift in Sources */,
				DD74541C286B3DF900418D08 /* PerfilMenuItemView.swift in Sources */,
				DD77F397286B79C60038BA39 /* MenuModel.swift in Sources */,
				DDBFDF802864EA0200FD4451 /* SceneDelegate.swift in Sources */,
				DD709DDA286A50FB006627EB /* BeneficioModel.swift in Sources */,
				DD6AC5322866071800698506 /* Constants.swift in Sources */,
			);
			runOnlyForDeploymentPostprocessing = 0;
		};
/* End PBXSourcesBuildPhase section */

/* Begin PBXVariantGroup section */
		DDBFDF882864EA0400FD4451 /* LaunchScreen.storyboard */ = {
			isa = PBXVariantGroup;
			children = (
				DDBFDF892864EA0400FD4451 /* Base */,
			);
			name = LaunchScreen.storyboard;
			sourceTree = "<group>";
		};
/* End PBXVariantGroup section */

/* Begin XCBuildConfiguration section */
		DDBFDF8C2864EA0400FD4451 /* Debug */ = {
			isa = XCBuildConfiguration;
			buildSettings = {
				ALWAYS_SEARCH_USER_PATHS = NO;
				CLANG_ANALYZER_NONNULL = YES;
				CLANG_ANALYZER_NUMBER_OBJECT_CONVERSION = YES_AGGRESSIVE;
				CLANG_CXX_LANGUAGE_STANDARD = "gnu++14";
				CLANG_CXX_LIBRARY = "libc++";
				CLANG_ENABLE_MODULES = YES;
				CLANG_ENABLE_OBJC_ARC = YES;
				CLANG_ENABLE_OBJC_WEAK = YES;
				CLANG_WARN_BLOCK_CAPTURE_AUTORELEASING = YES;
				CLANG_WARN_BOOL_CONVERSION = YES;
				CLANG_WARN_COMMA = YES;
				CLANG_WARN_CONSTANT_CONVERSION = YES;
				CLANG_WARN_DEPRECATED_OBJC_IMPLEMENTATIONS = YES;
				CLANG_WARN_DIRECT_OBJC_ISA_USAGE = YES_ERROR;
				CLANG_WARN_DOCUMENTATION_COMMENTS = YES;
				CLANG_WARN_EMPTY_BODY = YES;
				CLANG_WARN_ENUM_CONVERSION = YES;
				CLANG_WARN_INFINITE_RECURSION = YES;
				CLANG_WARN_INT_CONVERSION = YES;
				CLANG_WARN_NON_LITERAL_NULL_CONVERSION = YES;
				CLANG_WARN_OBJC_IMPLICIT_RETAIN_SELF = YES;
				CLANG_WARN_OBJC_LITERAL_CONVERSION = YES;
				CLANG_WARN_OBJC_ROOT_CLASS = YES_ERROR;
				CLANG_WARN_QUOTED_INCLUDE_IN_FRAMEWORK_HEADER = YES;
				CLANG_WARN_RANGE_LOOP_ANALYSIS = YES;
				CLANG_WARN_STRICT_PROTOTYPES = YES;
				CLANG_WARN_SUSPICIOUS_MOVE = YES;
				CLANG_WARN_UNGUARDED_AVAILABILITY = YES_AGGRESSIVE;
				CLANG_WARN_UNREACHABLE_CODE = YES;
				CLANG_WARN__DUPLICATE_METHOD_MATCH = YES;
				COPY_PHASE_STRIP = NO;
				DEBUG_INFORMATION_FORMAT = dwarf;
				ENABLE_STRICT_OBJC_MSGSEND = YES;
				ENABLE_TESTABILITY = YES;
				GCC_C_LANGUAGE_STANDARD = gnu11;
				GCC_DYNAMIC_NO_PIC = NO;
				GCC_NO_COMMON_BLOCKS = YES;
				GCC_OPTIMIZATION_LEVEL = 0;
				GCC_PREPROCESSOR_DEFINITIONS = (
					"DEBUG=1",
					"$(inherited)",
				);
				GCC_WARN_64_TO_32_BIT_CONVERSION = YES;
				GCC_WARN_ABOUT_RETURN_TYPE = YES_ERROR;
				GCC_WARN_UNDECLARED_SELECTOR = YES;
				GCC_WARN_UNINITIALIZED_AUTOS = YES_AGGRESSIVE;
				GCC_WARN_UNUSED_FUNCTION = YES;
				GCC_WARN_UNUSED_VARIABLE = YES;
				IPHONEOS_DEPLOYMENT_TARGET = 14.5;
				MTL_ENABLE_DEBUG_INFO = INCLUDE_SOURCE;
				MTL_FAST_MATH = YES;
				ONLY_ACTIVE_ARCH = YES;
				SDKROOT = iphoneos;
				SWIFT_ACTIVE_COMPILATION_CONDITIONS = DEBUG;
				SWIFT_OPTIMIZATION_LEVEL = "-Onone";
			};
			name = Debug;
		};
		DDBFDF8D2864EA0400FD4451 /* Release */ = {
			isa = XCBuildConfiguration;
			buildSettings = {
				ALWAYS_SEARCH_USER_PATHS = NO;
				CLANG_ANALYZER_NONNULL = YES;
				CLANG_ANALYZER_NUMBER_OBJECT_CONVERSION = YES_AGGRESSIVE;
				CLANG_CXX_LANGUAGE_STANDARD = "gnu++14";
				CLANG_CXX_LIBRARY = "libc++";
				CLANG_ENABLE_MODULES = YES;
				CLANG_ENABLE_OBJC_ARC = YES;
				CLANG_ENABLE_OBJC_WEAK = YES;
				CLANG_WARN_BLOCK_CAPTURE_AUTORELEASING = YES;
				CLANG_WARN_BOOL_CONVERSION = YES;
				CLANG_WARN_COMMA = YES;
				CLANG_WARN_CONSTANT_CONVERSION = YES;
				CLANG_WARN_DEPRECATED_OBJC_IMPLEMENTATIONS = YES;
				CLANG_WARN_DIRECT_OBJC_ISA_USAGE = YES_ERROR;
				CLANG_WARN_DOCUMENTATION_COMMENTS = YES;
				CLANG_WARN_EMPTY_BODY = YES;
				CLANG_WARN_ENUM_CONVERSION = YES;
				CLANG_WARN_INFINITE_RECURSION = YES;
				CLANG_WARN_INT_CONVERSION = YES;
				CLANG_WARN_NON_LITERAL_NULL_CONVERSION = YES;
				CLANG_WARN_OBJC_IMPLICIT_RETAIN_SELF = YES;
				CLANG_WARN_OBJC_LITERAL_CONVERSION = YES;
				CLANG_WARN_OBJC_ROOT_CLASS = YES_ERROR;
				CLANG_WARN_QUOTED_INCLUDE_IN_FRAMEWORK_HEADER = YES;
				CLANG_WARN_RANGE_LOOP_ANALYSIS = YES;
				CLANG_WARN_STRICT_PROTOTYPES = YES;
				CLANG_WARN_SUSPICIOUS_MOVE = YES;
				CLANG_WARN_UNGUARDED_AVAILABILITY = YES_AGGRESSIVE;
				CLANG_WARN_UNREACHABLE_CODE = YES;
				CLANG_WARN__DUPLICATE_METHOD_MATCH = YES;
				COPY_PHASE_STRIP = NO;
				DEBUG_INFORMATION_FORMAT = "dwarf-with-dsym";
				ENABLE_NS_ASSERTIONS = NO;
				ENABLE_STRICT_OBJC_MSGSEND = YES;
				GCC_C_LANGUAGE_STANDARD = gnu11;
				GCC_NO_COMMON_BLOCKS = YES;
				GCC_WARN_64_TO_32_BIT_CONVERSION = YES;
				GCC_WARN_ABOUT_RETURN_TYPE = YES_ERROR;
				GCC_WARN_UNDECLARED_SELECTOR = YES;
				GCC_WARN_UNINITIALIZED_AUTOS = YES_AGGRESSIVE;
				GCC_WARN_UNUSED_FUNCTION = YES;
				GCC_WARN_UNUSED_VARIABLE = YES;
				IPHONEOS_DEPLOYMENT_TARGET = 14.5;
				MTL_ENABLE_DEBUG_INFO = NO;
				MTL_FAST_MATH = YES;
				SDKROOT = iphoneos;
				SWIFT_COMPILATION_MODE = wholemodule;
				SWIFT_OPTIMIZATION_LEVEL = "-O";
				VALIDATE_PRODUCT = YES;
			};
			name = Release;
		};
		DDBFDF8F2864EA0400FD4451 /* Debug */ = {
			isa = XCBuildConfiguration;
			baseConfigurationReference = 77B8AABB568A0F59A94B0E84 /* Pods-Beneficios-Menu-ViewCode.debug.xcconfig */;
			buildSettings = {
				ASSETCATALOG_COMPILER_APPICON_NAME = AppIcon;
				ASSETCATALOG_COMPILER_GLOBAL_ACCENT_COLOR_NAME = AccentColor;
				CODE_SIGN_STYLE = Automatic;
				DEVELOPMENT_TEAM = MHZS489UFW;
				INFOPLIST_FILE = "Menu-ViewCode/Info.plist";
				LD_RUNPATH_SEARCH_PATHS = (
					"$(inherited)",
					"@executable_path/Frameworks",
				);
				PRODUCT_BUNDLE_IDENTIFIER = "com.wmc.Menu-ViewCode";
				PRODUCT_NAME = "$(TARGET_NAME)";
				SWIFT_VERSION = 5.0;
				TARGETED_DEVICE_FAMILY = 1;
			};
			name = Debug;
		};
		DDBFDF902864EA0400FD4451 /* Release */ = {
			isa = XCBuildConfiguration;
			baseConfigurationReference = B849CBB633440DC1DA51CC91 /* Pods-Beneficios-Menu-ViewCode.release.xcconfig */;
			buildSettings = {
				ASSETCATALOG_COMPILER_APPICON_NAME = AppIcon;
				ASSETCATALOG_COMPILER_GLOBAL_ACCENT_COLOR_NAME = AccentColor;
				CODE_SIGN_STYLE = Automatic;
				DEVELOPMENT_TEAM = MHZS489UFW;
				INFOPLIST_FILE = "Menu-ViewCode/Info.plist";
				LD_RUNPATH_SEARCH_PATHS = (
					"$(inherited)",
					"@executable_path/Frameworks",
				);
				PRODUCT_BUNDLE_IDENTIFIER = "com.wmc.Menu-ViewCode";
				PRODUCT_NAME = "$(TARGET_NAME)";
				SWIFT_VERSION = 5.0;
				TARGETED_DEVICE_FAMILY = 1;
			};
			name = Release;
		};
/* End XCBuildConfiguration section */

/* Begin XCConfigurationList section */
		DDBFDF752864EA0200FD4451 /* Build configuration list for PBXProject "Beneficios-Menu-ViewCode" */ = {
			isa = XCConfigurationList;
			buildConfigurations = (
				DDBFDF8C2864EA0400FD4451 /* Debug */,
				DDBFDF8D2864EA0400FD4451 /* Release */,
			);
			defaultConfigurationIsVisible = 0;
			defaultConfigurationName = Release;
		};
		DDBFDF8E2864EA0400FD4451 /* Build configuration list for PBXNativeTarget "Beneficios-Menu-ViewCode" */ = {
			isa = XCConfigurationList;
			buildConfigurations = (
				DDBFDF8F2864EA0400FD4451 /* Debug */,
				DDBFDF902864EA0400FD4451 /* Release */,
			);
			defaultConfigurationIsVisible = 0;
			defaultConfigurationName = Release;
		};
/* End XCConfigurationList section */
	};
	rootObject = DDBFDF722864EA0200FD4451 /* Project object */;
}
